
Microsoft Visual Studio Solution File, Format Version 12.00
# Visual Studio Version 17
VisualStudioVersion = 17.12.35514.174 d17.12
MinimumVisualStudioVersion = 10.0.40219.1
Project("{FAE04EC0-301F-11D3-BF4B-00C04F79EFBC}") = "quiz1", "quiz1\quiz1.csproj", "{6307CF4D-D55C-4064-A277-28A14F7F57CF}"
EndProject
Global
	GlobalSection(SolutionConfigurationPlatforms) = preSolution
		Debug|Any CPU = Debug|Any CPU
		Release|Any CPU = Release|Any CPU
	EndGlobalSection
	GlobalSection(ProjectConfigurationPlatforms) = postSolution
		{6307CF4D-D55C-4064-A277-28A14F7F57CF}.Debug|Any CPU.ActiveCfg = Debug|Any CPU
		{6307CF4D-D55C-4064-A277-28A14F7F57CF}.Debug|Any CPU.Build.0 = Debug|Any CPU
		{6307CF4D-D55C-4064-A277-28A14F7F57CF}.Release|Any CPU.ActiveCfg = Release|Any CPU
		{6307CF4D-D55C-4064-A277-28A14F7F57CF}.Release|Any CPU.Build.0 = Release|Any CPU
	EndGlobalSection
	GlobalSection(SolutionProperties) = preSolution
		HideSolutionNode = FALSE
	EndGlobalSection
EndGlobal
